// !$*UTF8*$!
{
	archiveVersion = 1;
	classes = {
	};
	objectVersion = 56;
	objects = {

/* Begin PBXBuildFile section */
		36AFA03C29DA5B8E005FDAE6 /* RecordPlayerApp.swift in Sources */ = {isa = PBXBuildFile; fileRef = 36AFA03B29DA5B8E005FDAE6 /* RecordPlayerApp.swift */; };
		36AFA03E29DA5B8E005FDAE6 /* ContentView.swift in Sources */ = {isa = PBXBuildFile; fileRef = 36AFA03D29DA5B8E005FDAE6 /* ContentView.swift */; };
		36AFA04029DA5B91005FDAE6 /* Assets.xcassets in Resources */ = {isa = PBXBuildFile; fileRef = 36AFA03F29DA5B91005FDAE6 /* Assets.xcassets */; };
		36AFA04329DA5B91005FDAE6 /* Preview Assets.xcassets in Resources */ = {isa = PBXBuildFile; fileRef = 36AFA04229DA5B91005FDAE6 /* Preview Assets.xcassets */; };
		36AFA04B29DAD8AD005FDAE6 /* RecordPlayerBox.swift in Sources */ = {isa = PBXBuildFile; fileRef = 36AFA04A29DAD8AD005FDAE6 /* RecordPlayerBox.swift */; };
		36AFA04D29DAD9AC005FDAE6 /* RecordView.swift in Sources */ = {isa = PBXBuildFile; fileRef = 36AFA04C29DAD9AC005FDAE6 /* RecordView.swift */; };
		36AFA04F29DADB02005FDAE6 /* ArmView.swift in Sources */ = {isa = PBXBuildFile; fileRef = 36AFA04E29DADB02005FDAE6 /* ArmView.swift */; };
		36AFA05129DADDAC005FDAE6 /* PlaySound.swift in Sources */ = {isa = PBXBuildFile; fileRef = 36AFA05029DADDAC005FDAE6 /* PlaySound.swift */; };
		36AFA05329DADF50005FDAE6 /* music.m4a in Resources */ = {isa = PBXBuildFile; fileRef = 36AFA04929DAD5EE005FDAE6 /* music.m4a */; };
/* End PBXBuildFile section */

/* Begin PBXFileReference section */
		36AFA03829DA5B8E005FDAE6 /* RecordPlayer.app */ = {isa = PBXFileReference; explicitFileType = wrapper.application; includeInIndex = 0; path = RecordPlayer.app; sourceTree = BUILT_PRODUCTS_DIR; };
		36AFA03B29DA5B8E005FDAE6 /* RecordPlayerApp.swift */ = {isa = PBXFileReference; lastKnownFileType = sourcecode.swift; path = RecordPlayerApp.swift; sourceTree = "<group>"; };
		36AFA03D29DA5B8E005FDAE6 /* ContentView.swift */ = {isa = PBXFileReference; lastKnownFileType = sourcecode.swift; path = ContentView.swift; sourceTree = "<group>"; };
		36AFA03F29DA5B91005FDAE6 /* Assets.xcassets */ = {isa = PBXFileReference; lastKnownFileType = folder.assetcatalog; path = Assets.xcassets; sourceTree = "<group>"; };
		36AFA04229DA5B91005FDAE6 /* Preview Assets.xcassets */ = {isa = PBXFileReference; lastKnownFileType = folder.assetcatalog; path = "Preview Assets.xcassets"; sourceTree = "<group>"; };
		36AFA04929DAD5EE005FDAE6 /* music.m4a */ = {isa = PBXFileReference; lastKnownFileType = file; path = music.m4a; sourceTree = "<group>"; };
		36AFA04A29DAD8AD005FDAE6 /* RecordPlayerBox.swift */ = {isa = PBXFileReference; lastKnownFileType = sourcecode.swift; path = RecordPlayerBox.swift; sourceTree = "<group>"; };
		36AFA04C29DAD9AC005FDAE6 /* RecordView.swift */ = {isa = PBXFileReference; lastKnownFileType = sourcecode.swift; path = RecordView.swift; sourceTree = "<group>"; };
		36AFA04E29DADB02005FDAE6 /* ArmView.swift */ = {isa = PBXFileReference; lastKnownFileType = sourcecode.swift; path = ArmView.swift; sourceTree = "<group>"; };
		36AFA05029DADDAC005FDAE6 /* PlaySound.swift */ = {isa = PBXFileReference; lastKnownFileType = sourcecode.swift; path = PlaySound.swift; sourceTree = "<group>"; };
/* End PBXFileReference section */

/* Begin PBXFrameworksBuildPhase section */
		36AFA03529DA5B8E005FDAE6 /* Frameworks */ = {
			isa = PBXFrameworksBuildPhase;
			buildActionMask = 2147483647;
			files = (
			);
			runOnlyForDeploymentPostprocessing = 0;
		};
/* End PBXFrameworksBuildPhase section */

/* Begin PBXGroup section */
		36AFA02F29DA5B8E005FDAE6 = {
			isa = PBXGroup;
			children = (
				36AFA03A29DA5B8E005FDAE6 /* RecordPlayer */,
				36AFA03929DA5B8E005FDAE6 /* Products */,
			);
			sourceTree = "<group>";
		};
		36AFA03929DA5B8E005FDAE6 /* Products */ = {
			isa = PBXGroup;
			children = (
				36AFA03829DA5B8E005FDAE6 /* RecordPlayer.app */,
			);
			name = Products;
			sourceTree = "<group>";
		};
		36AFA03A29DA5B8E005FDAE6 /* RecordPlayer */ = {
			isa = PBXGroup;
			children = (
				36AFA03B29DA5B8E005FDAE6 /* RecordPlayerApp.swift */,
				36AFA03D29DA5B8E005FDAE6 /* ContentView.swift */,
				36AFA05029DADDAC005FDAE6 /* PlaySound.swift */,
				36AFA04E29DADB02005FDAE6 /* ArmView.swift */,
				36AFA04C29DAD9AC005FDAE6 /* RecordView.swift */,
				36AFA04A29DAD8AD005FDAE6 /* RecordPlayerBox.swift */,
				36AFA04929DAD5EE005FDAE6 /* music.m4a */,
				36AFA03F29DA5B91005FDAE6 /* Assets.xcassets */,
				36AFA04129DA5B91005FDAE6 /* Preview Content */,
			);
			path = RecordPlayer;
			sourceTree = "<group>";
		};
		36AFA04129DA5B91005FDAE6 /* Preview Content */ = {
			isa = PBXGroup;
			children = (
				36AFA04229DA5B91005FDAE6 /* Preview Assets.xcassets */,
			);
			path = "Preview Content";
			sourceTree = "<group>";
		};
/* End PBXGroup section */

/* Begin PBXNativeTarget section */
		36AFA03729DA5B8E005FDAE6 /* RecordPlayer */ = {
			isa = PBXNativeTarget;
			buildConfigurationList = 36AFA04629DA5B91005FDAE6 /* Build configuration list for PBXNativeTarget "RecordPlayer" */;
			buildPhases = (
				36AFA03429DA5B8E005FDAE6 /* Sources */,
				36AFA03529DA5B8E005FDAE6 /* Frameworks */,
				36AFA03629DA5B8E005FDAE6 /* Resources */,
			);
			buildRules = (
			);
			dependencies = (
			);
			name = RecordPlayer;
			productName = RecordPlayer;
			productReference = 36AFA03829DA5B8E005FDAE6 /* RecordPlayer.app */;
			productType = "com.apple.product-type.application";
		};
/* End PBXNativeTarget section */

/* Begin PBXProject section */
		36AFA03029DA5B8E005FDAE6 /* Project object */ = {
			isa = PBXProject;
			attributes = {
				BuildIndependentTargetsInParallel = 1;
				LastSwiftUpdateCheck = 1410;
				LastUpgradeCheck = 1410;
				TargetAttributes = {
					36AFA03729DA5B8E005FDAE6 = {
						CreatedOnToolsVersion = 14.1;
					};
				};
			};
			buildConfigurationList = 36AFA03329DA5B8E005FDAE6 /* Build configuration list for PBXProject "RecordPlayer" */;
			compatibilityVersion = "Xcode 14.0";
			developmentRegion = en;
			hasScannedForEncodings = 0;
			knownRegions = (
				en,
				Base,
			);
			mainGroup = 36AFA02F29DA5B8E005FDAE6;
			productRefGroup = 36AFA03929DA5B8E005FDAE6 /* Products */;
			projectDirPath = "";
			projectRoot = "";
			targets = (
				36AFA03729DA5B8E005FDAE6 /* RecordPlayer */,
			);
		};
/* End PBXProject section */

/* Begin PBXResourcesBuildPhase section */
		36AFA03629DA5B8E005FDAE6 /* Resources */ = {
			isa = PBXResourcesBuildPhase;
			buildActionMask = 2147483647;
			files = (
				36AFA04329DA5B91005FDAE6 /* Preview Assets.xcassets in Resources */,
				36AFA04029DA5B91005FDAE6 /* Assets.xcassets in Resources */,
				36AFA05329DADF50005FDAE6 /* music.m4a in Resources */,
			);
			runOnlyForDeploymentPostprocessing = 0;
		};
/* End PBXResourcesBuildPhase section */

/* Begin PBXSourcesBuildPhase section */
		36AFA03429DA5B8E005FDAE6 /* Sources */ = {
			isa = PBXSourcesBuildPhase;
			buildActionMask = 2147483647;
			files = (
				36AFA03E29DA5B8E005FDAE6 /* ContentView.swift in Sources */,
				36AFA05129DADDAC005FDAE6 /* PlaySound.swift in Sources */,
				36AFA04D29DAD9AC005FDAE6 /* RecordView.swift in Sources */,
				36AFA04F29DADB02005FDAE6 /* ArmView.swift in Sources */,
				36AFA03C29DA5B8E005FDAE6 /* RecordPlayerApp.swift in Sources */,
				36AFA04B29DAD8AD005FDAE6 /* RecordPlayerBox.swift in Sources */,
			);
			runOnlyForDeploymentPostprocessing = 0;
		};
/* End PBXSourcesBuildPhase section */

/* Begin XCBuildConfiguration section */
		36AFA04429DA5B91005FDAE6 /* Debug */ = {
			isa = XCBuildConfiguration;
			buildSettings = {
				ALWAYS_SEARCH_USER_PATHS = NO;
				CLANG_ANALYZER_NONNULL = YES;
				CLANG_ANALYZER_NUMBER_OBJECT_CONVERSION = YES_AGGRESSIVE;
				CLANG_CXX_LANGUAGE_STANDARD = "gnu++20";
				CLANG_ENABLE_MODULES = YES;
				CLANG_ENABLE_OBJC_ARC = YES;
				CLANG_ENABLE_OBJC_WEAK = YES;
				CLANG_WARN_BLOCK_CAPTURE_AUTORELEASING = YES;
				CLANG_WARN_BOOL_CONVERSION = YES;
				CLANG_WARN_COMMA = YES;
				CLANG_WARN_CONSTANT_CONVERSION = YES;
				CLANG_WARN_DEPRECATED_OBJC_IMPLEMENTATIONS = YES;
				CLANG_WARN_DIRECT_OBJC_ISA_USAGE = YES_ERROR;
				CLANG_WARN_DOCUMENTATION_COMMENTS = YES;
				CLANG_WARN_EMPTY_BODY = YES;
				CLANG_WARN_ENUM_CONVERSION = YES;
				CLANG_WARN_INFINITE_RECURSION = YES;
				CLANG_WARN_INT_CONVERSION = YES;
				CLANG_WARN_NON_LITERAL_NULL_CONVERSION = YES;
				CLANG_WARN_OBJC_IMPLICIT_RETAIN_SELF = YES;
				CLANG_WARN_OBJC_LITERAL_CONVERSION = YES;
				CLANG_WARN_OBJC_ROOT_CLASS = YES_ERROR;
				CLANG_WARN_QUOTED_INCLUDE_IN_FRAMEWORK_HEADER = YES;
				CLANG_WARN_RANGE_LOOP_ANALYSIS = YES;
				CLANG_WARN_STRICT_PROTOTYPES = YES;
				CLANG_WARN_SUSPICIOUS_MOVE = YES;
				CLANG_WARN_UNGUARDED_AVAILABILITY = YES_AGGRESSIVE;
				CLANG_WARN_UNREACHABLE_CODE = YES;
				CLANG_WARN__DUPLICATE_METHOD_MATCH = YES;
				COPY_PHASE_STRIP = NO;
				DEBUG_INFORMATION_FORMAT = dwarf;
				ENABLE_STRICT_OBJC_MSGSEND = YES;
				ENABLE_TESTABILITY = YES;
				GCC_C_LANGUAGE_STANDARD = gnu11;
				GCC_DYNAMIC_NO_PIC = NO;
				GCC_NO_COMMON_BLOCKS = YES;
				GCC_OPTIMIZATION_LEVEL = 0;
				GCC_PREPROCESSOR_DEFINITIONS = (
					"DEBUG=1",
					"$(inherited)",
				);
				GCC_WARN_64_TO_32_BIT_CONVERSION = YES;
				GCC_WARN_ABOUT_RETURN_TYPE = YES_ERROR;
				GCC_WARN_UNDECLARED_SELECTOR = YES;
				GCC_WARN_UNINITIALIZED_AUTOS = YES_AGGRESSIVE;
				GCC_WARN_UNUSED_FUNCTION = YES;
				GCC_WARN_UNUSED_VARIABLE = YES;
				IPHONEOS_DEPLOYMENT_TARGET = 16.1;
				MTL_ENABLE_DEBUG_INFO = INCLUDE_SOURCE;
				MTL_FAST_MATH = YES;
				ONLY_ACTIVE_ARCH = YES;
				SDKROOT = iphoneos;
				SWIFT_ACTIVE_COMPILATION_CONDITIONS = DEBUG;
				SWIFT_OPTIMIZATION_LEVEL = "-Onone";
			};
			name = Debug;
		};
		36AFA04529DA5B91005FDAE6 /* Release */ = {
			isa = XCBuildConfiguration;
			buildSettings = {
				ALWAYS_SEARCH_USER_PATHS = NO;
				CLANG_ANALYZER_NONNULL = YES;
				CLANG_ANALYZER_NUMBER_OBJECT_CONVERSION = YES_AGGRESSIVE;
				CLANG_CXX_LANGUAGE_STANDARD = "gnu++20";
				CLANG_ENABLE_MODULES = YES;
				CLANG_ENABLE_OBJC_ARC = YES;
				CLANG_ENABLE_OBJC_WEAK = YES;
				CLANG_WARN_BLOCK_CAPTURE_AUTORELEASING = YES;
				CLANG_WARN_BOOL_CONVERSION = YES;
				CLANG_WARN_COMMA = YES;
				CLANG_WARN_CONSTANT_CONVERSION = YES;
				CLANG_WARN_DEPRECATED_OBJC_IMPLEMENTATIONS = YES;
				CLANG_WARN_DIRECT_OBJC_ISA_USAGE = YES_ERROR;
				CLANG_WARN_DOCUMENTATION_COMMENTS = YES;
				CLANG_WARN_EMPTY_BODY = YES;
				CLANG_WARN_ENUM_CONVERSION = YES;
				CLANG_WARN_INFINITE_RECURSION = YES;
				CLANG_WARN_INT_CONVERSION = YES;
				CLANG_WARN_NON_LITERAL_NULL_CONVERSION = YES;
				CLANG_WARN_OBJC_IMPLICIT_RETAIN_SELF = YES;
				CLANG_WARN_OBJC_LITERAL_CONVERSION = YES;
				CLANG_WARN_OBJC_ROOT_CLASS = YES_ERROR;
				CLANG_WARN_QUOTED_INCLUDE_IN_FRAMEWORK_HEADER = YES;
				CLANG_WARN_RANGE_LOOP_ANALYSIS = YES;
				CLANG_WARN_STRICT_PROTOTYPES = YES;
				CLANG_WARN_SUSPICIOUS_MOVE = YES;
				CLANG_WARN_UNGUARDED_AVAILABILITY = YES_AGGRESSIVE;
				CLANG_WARN_UNREACHABLE_CODE = YES;
				CLANG_WARN__DUPLICATE_METHOD_MATCH = YES;
				COPY_PHASE_STRIP = NO;
				DEBUG_INFORMATION_FORMAT = "dwarf-with-dsym";
				ENABLE_NS_ASSERTIONS = NO;
				ENABLE_STRICT_OBJC_MSGSEND = YES;
				GCC_C_LANGUAGE_STANDARD = gnu11;
				GCC_NO_COMMON_BLOCKS = YES;
				GCC_WARN_64_TO_32_BIT_CONVERSION = YES;
				GCC_WARN_ABOUT_RETURN_TYPE = YES_ERROR;
				GCC_WARN_UNDECLARED_SELECTOR = YES;
				GCC_WARN_UNINITIALIZED_AUTOS = YES_AGGRESSIVE;
				GCC_WARN_UNUSED_FUNCTION = YES;
				GCC_WARN_UNUSED_VARIABLE = YES;
				IPHONEOS_DEPLOYMENT_TARGET = 16.1;
				MTL_ENABLE_DEBUG_INFO = NO;
				MTL_FAST_MATH = YES;
				SDKROOT = iphoneos;
				SWIFT_COMPILATION_MODE = wholemodule;
				SWIFT_OPTIMIZATION_LEVEL = "-O";
				VALIDATE_PRODUCT = YES;
			};
			name = Release;
		};
		36AFA04729DA5B91005FDAE6 /* Debug */ = {
			isa = XCBuildConfiguration;
			buildSettings = {
				ASSETCATALOG_COMPILER_APPICON_NAME = AppIcon;
				ASSETCATALOG_COMPILER_GLOBAL_ACCENT_COLOR_NAME = AccentColor;
				CODE_SIGN_STYLE = Automatic;
				CURRENT_PROJECT_VERSION = 1;
				DEVELOPMENT_ASSET_PATHS = "\"RecordPlayer/Preview Content\"";
				DEVELOPMENT_TEAM = 56GPYX4M8B;
				ENABLE_PREVIEWS = YES;
				GENERATE_INFOPLIST_FILE = YES;
				INFOPLIST_KEY_UIApplicationSceneManifest_Generation = YES;
				INFOPLIST_KEY_UIApplicationSupportsIndirectInputEvents = YES;
				INFOPLIST_KEY_UILaunchScreen_Generation = YES;
				INFOPLIST_KEY_UISupportedInterfaceOrientations_iPad = "UIInterfaceOrientationPortrait UIInterfaceOrientationPortraitUpsideDown UIInterfaceOrientationLandscapeLeft UIInterfaceOrientationLandscapeRight";
				INFOPLIST_KEY_UISupportedInterfaceOrientations_iPhone = "UIInterfaceOrientationPortrait UIInterfaceOrientationLandscapeLeft UIInterfaceOrientationLandscapeRight";
				LD_RUNPATH_SEARCH_PATHS = (
					"$(inherited)",
					"@executable_path/Frameworks",
				);
				MARKETING_VERSION = 1.0;
				PRODUCT_BUNDLE_IDENTIFIER = com.CanKanbur.RecordPlayer;
				PRODUCT_NAME = "$(TARGET_NAME)";
				SWIFT_EMIT_LOC_STRINGS = YES;
				SWIFT_VERSION = 5.0;
				TARGETED_DEVICE_FAMILY = "1,2";
			};
			name = Debug;
		};
		36AFA04829DA5B91005FDAE6 /* Release */ = {
			isa = XCBuildConfiguration;
			buildSettings = {
				ASSETCATALOG_COMPILER_APPICON_NAME = AppIcon;
				ASSETCATALOG_COMPILER_GLOBAL_ACCENT_COLOR_NAME = AccentColor;
				CODE_SIGN_STYLE = Automatic;
				CURRENT_PROJECT_VERSION = 1;
				DEVELOPMENT_ASSET_PATHS = "\"RecordPlayer/Preview Content\"";
				DEVELOPMENT_TEAM = 56GPYX4M8B;
				ENABLE_PREVIEWS = YES;
				GENERATE_INFOPLIST_FILE = YES;
				INFOPLIST_KEY_UIApplicationSceneManifest_Generation = YES;
				INFOPLIST_KEY_UIApplicationSupportsIndirectInputEvents = YES;
				INFOPLIST_KEY_UILaunchScreen_Generation = YES;
				INFOPLIST_KEY_UISupportedInterfaceOrientations_iPad = "UIInterfaceOrientationPortrait UIInterfaceOrientationPortraitUpsideDown UIInterfaceOrientationLandscapeLeft UIInterfaceOrientationLandscapeRight";
				INFOPLIST_KEY_UISupportedInterfaceOrientations_iPhone = "UIInterfaceOrientationPortrait UIInterfaceOrientationLandscapeLeft UIInterfaceOrientationLandscapeRight";
				LD_RUNPATH_SEARCH_PATHS = (
					"$(inherited)",
					"@executable_path/Frameworks",
				);
				MARKETING_VERSION = 1.0;
				PRODUCT_BUNDLE_IDENTIFIER = com.CanKanbur.RecordPlayer;
				PRODUCT_NAME = "$(TARGET_NAME)";
				SWIFT_EMIT_LOC_STRINGS = YES;
				SWIFT_VERSION = 5.0;
				TARGETED_DEVICE_FAMILY = "1,2";
			};
			name = Release;
		};
/* End XCBuildConfiguration section */

/* Begin XCConfigurationList section */
		36AFA03329DA5B8E005FDAE6 /* Build configuration list for PBXProject "RecordPlayer" */ = {
			isa = XCConfigurationList;
			buildConfigurations = (
				36AFA04429DA5B91005FDAE6 /* Debug */,
				36AFA04529DA5B91005FDAE6 /* Release */,
			);
			defaultConfigurationIsVisible = 0;
			defaultConfigurationName = Release;
		};
		36AFA04629DA5B91005FDAE6 /* Build configuration list for PBXNativeTarget "RecordPlayer" */ = {
			isa = XCConfigurationList;
			buildConfigurations = (
				36AFA04729DA5B91005FDAE6 /* Debug */,
				36AFA04829DA5B91005FDAE6 /* Release */,
			);
			defaultConfigurationIsVisible = 0;
			defaultConfigurationName = Release;
		};
/* End XCConfigurationList section */
	};
	rootObject = 36AFA03029DA5B8E005FDAE6 /* Project object */;
}
